# This file is automatically @generated by Cargo.
# It is not intended for manual editing.
version = 3

[[package]]
name = "agel-cli"
version = "0.2.8"
dependencies = [
 "agel-core",
 "agel-model",
 "agel-stdlib",
]

[[package]]
name = "agel-core"
version = "0.2.8"
dependencies = [
 "agel-integrity",
]

[[package]]
name = "agel-effects"
version = "0.2.8"
dependencies = [
 "agel-integrity",
]

[[package]]
name = "agel-image"
version = "0.2.8"
dependencies = [
 "agel-core",
 "agel-integrity",
]

[[package]]
name = "agel-integrity"
version = "0.2.8"

[[package]]
name = "agel-interaction"
version = "0.2.8"

[[package]]
name = "agel-kernel-abi"
version = "0.2.8"

[[package]]
name = "agel-model"
version = "0.2.8"
dependencies = [
 "agel-core",
 "agel-effects",
]

[[package]]
name = "agel-stdlib"
version = "0.2.8"
dependencies = [
 "agel-core",
]

[[package]]
name = "agel-supervisor"
version = "0.2.8"
dependencies = [
 "agel-core",
 "agel-image",
 "agel-integrity",
]

[[package]]
name = "agel-vector"
version = "0.2.8"
dependencies = [
 "agel-core",
 "agel-stdlib",
]

[[package]]
name = "agel-verify"
version = "0.2.8"
dependencies = [
 "agel-core",
 "agel-integrity",
]
