# This file is automatically @generated by Cargo.
# It is not intended for manual editing.
version = 3

[[package]]
name = "agel-cli"
version = "0.5.0"
dependencies = [
 "agel-core",
 "agel-model",
]

[[package]]
name = "agel-core"
version = "0.5.0"
dependencies = [
 "agel-integrity",
]

[[package]]
name = "agel-integrity"
version = "0.5.0"

[[package]]
name = "agel-model"
version = "0.5.0"
dependencies = [
 "agel-core",
]

[[package]]
name = "agel-verify"
version = "0.5.0"
dependencies = [
 "agel-core",
 "agel-integrity",
]
