# This file is automatically @generated by Cargo.
# It is not intended for manual editing.
version = 3

[[package]]
name = "agel-cli"
version = "0.2.14"
dependencies = [
 "agel-core",
 "agel-model",
 "agel-stdlib",
]

[[package]]
name = "agel-core"
version = "0.2.14"
dependencies = [
 "agel-integrity",
 "psm",
 "stacker",
]

[[package]]
name = "agel-effects"
version = "0.2.14"
dependencies = [
 "agel-integrity",
]

[[package]]
name = "agel-image"
version = "0.2.14"
dependencies = [
 "agel-core",
 "agel-integrity",
]

[[package]]
name = "agel-integrity"
version = "0.2.14"

[[package]]
name = "agel-interaction"
version = "0.2.14"

[[package]]
name = "agel-kernel-abi"
version = "0.2.14"

[[package]]
name = "agel-model"
version = "0.2.14"
dependencies = [
 "agel-core",
 "agel-effects",
]

[[package]]
name = "agel-stdlib"
version = "0.2.14"
dependencies = [
 "agel-core",
]

[[package]]
name = "agel-supervisor"
version = "0.2.14"
dependencies = [
 "agel-core",
 "agel-image",
 "agel-integrity",
]

[[package]]
name = "agel-vector"
version = "0.2.14"
dependencies = [
 "agel-core",
 "agel-stdlib",
]

[[package]]
name = "agel-verify"
version = "0.2.14"
dependencies = [
 "agel-core",
 "agel-integrity",
]

[[package]]
name = "cc"
version = "1.4.5"
source = "registry+https://github.com/rust-lang/crates.io-index"
checksum = "005ec2760ca554fae18df7a11195552ec576cd665632a881bc011d5bb2fd4d80"
dependencies = [
 "find-msvc-tools",
 "shlex",
]

[[package]]
name = "cfg-if"
version = "1.0.4"
source = "registry+https://github.com/rust-lang/crates.io-index"
checksum = "9330f8b2ff13f34540b44e946ef35111825727b38d33286ef986142615121801"

[[package]]
name = "find-msvc-tools"
version = "0.1.12"
source = "registry+https://github.com/rust-lang/crates.io-index"
checksum = "3e0f1c7c3a72c66fd80abe965175f7523475c0489a87d3ff9d6e8c87d87a9d2d"

[[package]]
name = "libc"
version = "0.2.189"
source = "registry+https://github.com/rust-lang/crates.io-index"
checksum = "3eaf3ede3fee6db1a4c2ee091bf8a8b4dccdc6d17f656fb07896ee72867612f2"

[[package]]
name = "psm"
version = "0.1.24"
source = "registry+https://github.com/rust-lang/crates.io-index"
checksum = "200b9ff220857e53e184257720a14553b2f4aa02577d2ed9842d45d4b9654810"
dependencies = [
 "cc",
]

[[package]]
name = "shlex"
version = "2.0.1"
source = "registry+https://github.com/rust-lang/crates.io-index"
checksum = "f8fadd59c855ef2080decdef8ff161eb6661b86933c9d82e5ba29dc602a55aba"

[[package]]
name = "stacker"
version = "0.1.25"
source = "registry+https://github.com/rust-lang/crates.io-index"
checksum = "707f49d46706bacf8a2b00d51dace3f9de527c13eec3778f570c411f89e69967"
dependencies = [
 "cc",
 "cfg-if",
 "libc",
 "psm",
 "windows-sys",
]

[[package]]
name = "windows-link"
version = "0.2.1"
source = "registry+https://github.com/rust-lang/crates.io-index"
checksum = "f0805222e57f7521d6a62e36fa9163bc891acd422f971defe97d64e70d0a4fe5"

[[package]]
name = "windows-sys"
version = "0.61.2"
source = "registry+https://github.com/rust-lang/crates.io-index"
checksum = "ae137229bcbd6cdf0f7b80a31df61766145077ddf49416a728b02cb3921ff3fc"
dependencies = [
 "windows-link",
]
