# This file is automatically @generated by Cargo.
# It is not intended for manual editing.
version = 4

[[package]]
name = "agel-libc"
version = "0.1.0"
dependencies = [
 "agel-process-abi",
]

[[package]]
name = "agel-process-abi"
version = "0.1.0"

[[package]]
name = "hello"
version = "0.1.0"
dependencies = [
 "agel-process-abi",
]

[[package]]
name = "hostile"
version = "0.1.0"
dependencies = [
 "agel-process-abi",
]

[[package]]
name = "reader"
version = "0.1.0"
dependencies = [
 "agel-process-abi",
]

[[package]]
name = "writer"
version = "0.1.0"
dependencies = [
 "agel-process-abi",
]
